
Microsoft Visual Studio Solution File, Format Version 12.00
# Visual Studio Version 16
VisualStudioVersion = 16.0.29519.181
MinimumVisualStudioVersion = 10.0.40219.1
Project("{FAE04EC0-301F-11D3-BF4B-00C04F79EFBC}") = "LemparDataDariFromLain", "WindowsFormsApp1\LemparDataDariFromLain.csproj", "{F8DAE4A8-E441-4126-8930-6396ACFA52BC}"
EndProject
Global
	GlobalSection(SolutionConfigurationPlatforms) = preSolution
		Debug|Any CPU = Debug|Any CPU
		Release|Any CPU = Release|Any CPU
	EndGlobalSection
	GlobalSection(ProjectConfigurationPlatforms) = postSolution
		{F8DAE4A8-E441-4126-8930-6396ACFA52BC}.Debug|Any CPU.ActiveCfg = Debug|Any CPU
		{F8DAE4A8-E441-4126-8930-6396ACFA52BC}.Debug|Any CPU.Build.0 = Debug|Any CPU
		{F8DAE4A8-E441-4126-8930-6396ACFA52BC}.Release|Any CPU.ActiveCfg = Release|Any CPU
		{F8DAE4A8-E441-4126-8930-6396ACFA52BC}.Release|Any CPU.Build.0 = Release|Any CPU
	EndGlobalSection
	GlobalSection(SolutionProperties) = preSolution
		HideSolutionNode = FALSE
	EndGlobalSection
	GlobalSection(ExtensibilityGlobals) = postSolution
		SolutionGuid = {15B2DCA9-27F0-4424-8484-ACF763B8BB2E}
	EndGlobalSection
EndGlobal
